// !$*UTF8*$!
{
	archiveVersion = 1;
	classes = {
	};
	objectVersion = 55;
	objects = {

/* Begin PBXBuildFile section */
		1B5CFDB427E2FB72008D5B93 /* SearchResponse.swift in Sources */ = {isa = PBXBuildFile; fileRef = 1B5CFDB327E2FB72008D5B93 /* SearchResponse.swift */; };
		45CFFD4827E2CB0A00D7C0EA /* SearchDetailViewController.swift in Sources */ = {isa = PBXBuildFile; fileRef = 45CFFD4727E2CB0A00D7C0EA /* SearchDetailViewController.swift */; };
		45F69E2427E1DAB10030A53C /* AppDelegate.swift in Sources */ = {isa = PBXBuildFile; fileRef = 45F69E2327E1DAB10030A53C /* AppDelegate.swift */; };
		45F69E2627E1DAB10030A53C /* SceneDelegate.swift in Sources */ = {isa = PBXBuildFile; fileRef = 45F69E2527E1DAB10030A53C /* SceneDelegate.swift */; };
		45F69E2827E1DAB10030A53C /* SearchViewController.swift in Sources */ = {isa = PBXBuildFile; fileRef = 45F69E2727E1DAB10030A53C /* SearchViewController.swift */; };
		45F69E2B27E1DAB10030A53C /* Main.storyboard in Resources */ = {isa = PBXBuildFile; fileRef = 45F69E2927E1DAB10030A53C /* Main.storyboard */; };
		45F69E2D27E1DAB10030A53C /* Assets.xcassets in Resources */ = {isa = PBXBuildFile; fileRef = 45F69E2C27E1DAB10030A53C /* Assets.xcassets */; };
		45F69E3027E1DAB10030A53C /* LaunchScreen.storyboard in Resources */ = {isa = PBXBuildFile; fileRef = 45F69E2E27E1DAB10030A53C /* LaunchScreen.storyboard */; };
		45F69E3927E210A50030A53C /* SearchTableViewCell.swift in Sources */ = {isa = PBXBuildFile; fileRef = 45F69E3727E210A50030A53C /* SearchTableViewCell.swift */; };
		45F69E3A27E210A50030A53C /* SearchTableViewCell.xib in Resources */ = {isa = PBXBuildFile; fileRef = 45F69E3827E210A50030A53C /* SearchTableViewCell.xib */; };
		45F69E4427E234830030A53C /* Repository.swift in Sources */ = {isa = PBXBuildFile; fileRef = 45F69E4327E234830030A53C /* Repository.swift */; };
/* End PBXBuildFile section */

/* Begin PBXFileReference section */
		1B5CFDB327E2FB72008D5B93 /* SearchResponse.swift */ = {isa = PBXFileReference; fileEncoding = 4; lastKnownFileType = sourcecode.swift; path = SearchResponse.swift; sourceTree = "<group>"; };
		45CFFD4727E2CB0A00D7C0EA /* SearchDetailViewController.swift */ = {isa = PBXFileReference; lastKnownFileType = sourcecode.swift; path = SearchDetailViewController.swift; sourceTree = "<group>"; };
		45F69E2027E1DAB10030A53C /* GithubSearchMVC.app */ = {isa = PBXFileReference; explicitFileType = wrapper.application; includeInIndex = 0; path = GithubSearchMVC.app; sourceTree = BUILT_PRODUCTS_DIR; };
		45F69E2327E1DAB10030A53C /* AppDelegate.swift */ = {isa = PBXFileReference; lastKnownFileType = sourcecode.swift; path = AppDelegate.swift; sourceTree = "<group>"; };
		45F69E2527E1DAB10030A53C /* SceneDelegate.swift */ = {isa = PBXFileReference; lastKnownFileType = sourcecode.swift; path = SceneDelegate.swift; sourceTree = "<group>"; };
		45F69E2727E1DAB10030A53C /* SearchViewController.swift */ = {isa = PBXFileReference; lastKnownFileType = sourcecode.swift; path = SearchViewController.swift; sourceTree = "<group>"; };
		45F69E2A27E1DAB10030A53C /* Base */ = {isa = PBXFileReference; lastKnownFileType = file.storyboard; name = Base; path = Base.lproj/Main.storyboard; sourceTree = "<group>"; };
		45F69E2C27E1DAB10030A53C /* Assets.xcassets */ = {isa = PBXFileReference; lastKnownFileType = folder.assetcatalog; path = Assets.xcassets; sourceTree = "<group>"; };
		45F69E2F27E1DAB10030A53C /* Base */ = {isa = PBXFileReference; lastKnownFileType = file.storyboard; name = Base; path = Base.lproj/LaunchScreen.storyboard; sourceTree = "<group>"; };
		45F69E3127E1DAB10030A53C /* Info.plist */ = {isa = PBXFileReference; lastKnownFileType = text.plist.xml; path = Info.plist; sourceTree = "<group>"; };
		45F69E3727E210A50030A53C /* SearchTableViewCell.swift */ = {isa = PBXFileReference; lastKnownFileType = sourcecode.swift; path = SearchTableViewCell.swift; sourceTree = "<group>"; };
		45F69E3827E210A50030A53C /* SearchTableViewCell.xib */ = {isa = PBXFileReference; lastKnownFileType = file.xib; path = SearchTableViewCell.xib; sourceTree = "<group>"; };
		45F69E4327E234830030A53C /* Repository.swift */ = {isa = PBXFileReference; lastKnownFileType = sourcecode.swift; path = Repository.swift; sourceTree = "<group>"; };
/* End PBXFileReference section */

/* Begin PBXFrameworksBuildPhase section */
		45F69E1D27E1DAB10030A53C /* Frameworks */ = {
			isa = PBXFrameworksBuildPhase;
			buildActionMask = 2147483647;
			files = (
			);
			runOnlyForDeploymentPostprocessing = 0;
		};
/* End PBXFrameworksBuildPhase section */

/* Begin PBXGroup section */
		45F69E1727E1DAB10030A53C = {
			isa = PBXGroup;
			children = (
				45F69E2227E1DAB10030A53C /* GithubSearchMVC */,
				45F69E2127E1DAB10030A53C /* Products */,
			);
			sourceTree = "<group>";
		};
		45F69E2127E1DAB10030A53C /* Products */ = {
			isa = PBXGroup;
			children = (
				45F69E2027E1DAB10030A53C /* GithubSearchMVC.app */,
			);
			name = Products;
			sourceTree = "<group>";
		};
		45F69E2227E1DAB10030A53C /* GithubSearchMVC */ = {
			isa = PBXGroup;
			children = (
				45F69E2327E1DAB10030A53C /* AppDelegate.swift */,
				45F69E2527E1DAB10030A53C /* SceneDelegate.swift */,
				45F69E4127E234640030A53C /* Model */,
				45F69E3B27E234300030A53C /* View */,
				45F69E4027E234590030A53C /* Controller */,
				45F69E2927E1DAB10030A53C /* Main.storyboard */,
				45F69E2C27E1DAB10030A53C /* Assets.xcassets */,
				45F69E2E27E1DAB10030A53C /* LaunchScreen.storyboard */,
				45F69E3127E1DAB10030A53C /* Info.plist */,
			);
			path = GithubSearchMVC;
			sourceTree = "<group>";
		};
		45F69E3B27E234300030A53C /* View */ = {
			isa = PBXGroup;
			children = (
				45F69E3727E210A50030A53C /* SearchTableViewCell.swift */,
				45F69E3827E210A50030A53C /* SearchTableViewCell.xib */,
			);
			path = View;
			sourceTree = "<group>";
		};
		45F69E4027E234590030A53C /* Controller */ = {
			isa = PBXGroup;
			children = (
				45F69E2727E1DAB10030A53C /* SearchViewController.swift */,
				45CFFD4727E2CB0A00D7C0EA /* SearchDetailViewController.swift */,
			);
			path = Controller;
			sourceTree = "<group>";
		};
		45F69E4127E234640030A53C /* Model */ = {
			isa = PBXGroup;
			children = (
				45F69E4327E234830030A53C /* Repository.swift */,
				1B5CFDB327E2FB72008D5B93 /* SearchResponse.swift */,
			);
			path = Model;
			sourceTree = "<group>";
		};
/* End PBXGroup section */

/* Begin PBXNativeTarget section */
		45F69E1F27E1DAB10030A53C /* GithubSearchMVC */ = {
			isa = PBXNativeTarget;
			buildConfigurationList = 45F69E3427E1DAB10030A53C /* Build configuration list for PBXNativeTarget "GithubSearchMVC" */;
			buildPhases = (
				45F69E1C27E1DAB10030A53C /* Sources */,
				45F69E1D27E1DAB10030A53C /* Frameworks */,
				45F69E1E27E1DAB10030A53C /* Resources */,
			);
			buildRules = (
			);
			dependencies = (
			);
			name = GithubSearchMVC;
			productName = GithubSearchMVC;
			productReference = 45F69E2027E1DAB10030A53C /* GithubSearchMVC.app */;
			productType = "com.apple.product-type.application";
		};
/* End PBXNativeTarget section */

/* Begin PBXProject section */
		45F69E1827E1DAB10030A53C /* Project object */ = {
			isa = PBXProject;
			attributes = {
				BuildIndependentTargetsInParallel = 1;
				LastSwiftUpdateCheck = 1320;
				LastUpgradeCheck = 1320;
				TargetAttributes = {
					45F69E1F27E1DAB10030A53C = {
						CreatedOnToolsVersion = 13.2.1;
					};
				};
			};
			buildConfigurationList = 45F69E1B27E1DAB10030A53C /* Build configuration list for PBXProject "GithubSearchMVC" */;
			compatibilityVersion = "Xcode 13.0";
			developmentRegion = en;
			hasScannedForEncodings = 0;
			knownRegions = (
				en,
				Base,
			);
			mainGroup = 45F69E1727E1DAB10030A53C;
			productRefGroup = 45F69E2127E1DAB10030A53C /* Products */;
			projectDirPath = "";
			projectRoot = "";
			targets = (
				45F69E1F27E1DAB10030A53C /* GithubSearchMVC */,
			);
		};
/* End PBXProject section */

/* Begin PBXResourcesBuildPhase section */
		45F69E1E27E1DAB10030A53C /* Resources */ = {
			isa = PBXResourcesBuildPhase;
			buildActionMask = 2147483647;
			files = (
				45F69E3027E1DAB10030A53C /* LaunchScreen.storyboard in Resources */,
				45F69E3A27E210A50030A53C /* SearchTableViewCell.xib in Resources */,
				45F69E2D27E1DAB10030A53C /* Assets.xcassets in Resources */,
				45F69E2B27E1DAB10030A53C /* Main.storyboard in Resources */,
			);
			runOnlyForDeploymentPostprocessing = 0;
		};
/* End PBXResourcesBuildPhase section */

/* Begin PBXSourcesBuildPhase section */
		45F69E1C27E1DAB10030A53C /* Sources */ = {
			isa = PBXSourcesBuildPhase;
			buildActionMask = 2147483647;
			files = (
				45F69E2827E1DAB10030A53C /* SearchViewController.swift in Sources */,
				45F69E3927E210A50030A53C /* SearchTableViewCell.swift in Sources */,
				1B5CFDB427E2FB72008D5B93 /* SearchResponse.swift in Sources */,
				45CFFD4827E2CB0A00D7C0EA /* SearchDetailViewController.swift in Sources */,
				45F69E4427E234830030A53C /* Repository.swift in Sources */,
				45F69E2427E1DAB10030A53C /* AppDelegate.swift in Sources */,
				45F69E2627E1DAB10030A53C /* SceneDelegate.swift in Sources */,
			);
			runOnlyForDeploymentPostprocessing = 0;
		};
/* End PBXSourcesBuildPhase section */

/* Begin PBXVariantGroup section */
		45F69E2927E1DAB10030A53C /* Main.storyboard */ = {
			isa = PBXVariantGroup;
			children = (
				45F69E2A27E1DAB10030A53C /* Base */,
			);
			name = Main.storyboard;
			sourceTree = "<group>";
		};
		45F69E2E27E1DAB10030A53C /* LaunchScreen.storyboard */ = {
			isa = PBXVariantGroup;
			children = (
				45F69E2F27E1DAB10030A53C /* Base */,
			);
			name = LaunchScreen.storyboard;
			sourceTree = "<group>";
		};
/* End PBXVariantGroup section */

/* Begin XCBuildConfiguration section */
		45F69E3227E1DAB10030A53C /* Debug */ = {
			isa = XCBuildConfiguration;
			buildSettings = {
				ALWAYS_SEARCH_USER_PATHS = NO;
				CLANG_ANALYZER_NONNULL = YES;
				CLANG_ANALYZER_NUMBER_OBJECT_CONVERSION = YES_AGGRESSIVE;
				CLANG_CXX_LANGUAGE_STANDARD = "gnu++17";
				CLANG_CXX_LIBRARY = "libc++";
				CLANG_ENABLE_MODULES = YES;
				CLANG_ENABLE_OBJC_ARC = YES;
				CLANG_ENABLE_OBJC_WEAK = YES;
				CLANG_WARN_BLOCK_CAPTURE_AUTORELEASING = YES;
				CLANG_WARN_BOOL_CONVERSION = YES;
				CLANG_WARN_COMMA = YES;
				CLANG_WARN_CONSTANT_CONVERSION = YES;
				CLANG_WARN_DEPRECATED_OBJC_IMPLEMENTATIONS = YES;
				CLANG_WARN_DIRECT_OBJC_ISA_USAGE = YES_ERROR;
				CLANG_WARN_DOCUMENTATION_COMMENTS = YES;
				CLANG_WARN_EMPTY_BODY = YES;
				CLANG_WARN_ENUM_CONVERSION = YES;
				CLANG_WARN_INFINITE_RECURSION = YES;
				CLANG_WARN_INT_CONVERSION = YES;
				CLANG_WARN_NON_LITERAL_NULL_CONVERSION = YES;
				CLANG_WARN_OBJC_IMPLICIT_RETAIN_SELF = YES;
				CLANG_WARN_OBJC_LITERAL_CONVERSION = YES;
				CLANG_WARN_OBJC_ROOT_CLASS = YES_ERROR;
				CLANG_WARN_QUOTED_INCLUDE_IN_FRAMEWORK_HEADER = YES;
				CLANG_WARN_RANGE_LOOP_ANALYSIS = YES;
				CLANG_WARN_STRICT_PROTOTYPES = YES;
				CLANG_WARN_SUSPICIOUS_MOVE = YES;
				CLANG_WARN_UNGUARDED_AVAILABILITY = YES_AGGRESSIVE;
				CLANG_WARN_UNREACHABLE_CODE = YES;
				CLANG_WARN__DUPLICATE_METHOD_MATCH = YES;
				COPY_PHASE_STRIP = NO;
				DEBUG_INFORMATION_FORMAT = dwarf;
				ENABLE_STRICT_OBJC_MSGSEND = YES;
				ENABLE_TESTABILITY = YES;
				GCC_C_LANGUAGE_STANDARD = gnu11;
				GCC_DYNAMIC_NO_PIC = NO;
				GCC_NO_COMMON_BLOCKS = YES;
				GCC_OPTIMIZATION_LEVEL = 0;
				GCC_PREPROCESSOR_DEFINITIONS = (
					"DEBUG=1",
					"$(inherited)",
				);
				GCC_WARN_64_TO_32_BIT_CONVERSION = YES;
				GCC_WARN_ABOUT_RETURN_TYPE = YES_ERROR;
				GCC_WARN_UNDECLARED_SELECTOR = YES;
				GCC_WARN_UNINITIALIZED_AUTOS = YES_AGGRESSIVE;
				GCC_WARN_UNUSED_FUNCTION = YES;
				GCC_WARN_UNUSED_VARIABLE = YES;
				IPHONEOS_DEPLOYMENT_TARGET = 15.2;
				MTL_ENABLE_DEBUG_INFO = INCLUDE_SOURCE;
				MTL_FAST_MATH = YES;
				ONLY_ACTIVE_ARCH = YES;
				SDKROOT = iphoneos;
				SWIFT_ACTIVE_COMPILATION_CONDITIONS = DEBUG;
				SWIFT_OPTIMIZATION_LEVEL = "-Onone";
			};
			name = Debug;
		};
		45F69E3327E1DAB10030A53C /* Release */ = {
			isa = XCBuildConfiguration;
			buildSettings = {
				ALWAYS_SEARCH_USER_PATHS = NO;
				CLANG_ANALYZER_NONNULL = YES;
				CLANG_ANALYZER_NUMBER_OBJECT_CONVERSION = YES_AGGRESSIVE;
				CLANG_CXX_LANGUAGE_STANDARD = "gnu++17";
				CLANG_CXX_LIBRARY = "libc++";
				CLANG_ENABLE_MODULES = YES;
				CLANG_ENABLE_OBJC_ARC = YES;
				CLANG_ENABLE_OBJC_WEAK = YES;
				CLANG_WARN_BLOCK_CAPTURE_AUTORELEASING = YES;
				CLANG_WARN_BOOL_CONVERSION = YES;
				CLANG_WARN_COMMA = YES;
				CLANG_WARN_CONSTANT_CONVERSION = YES;
				CLANG_WARN_DEPRECATED_OBJC_IMPLEMENTATIONS = YES;
				CLANG_WARN_DIRECT_OBJC_ISA_USAGE = YES_ERROR;
				CLANG_WARN_DOCUMENTATION_COMMENTS = YES;
				CLANG_WARN_EMPTY_BODY = YES;
				CLANG_WARN_ENUM_CONVERSION = YES;
				CLANG_WARN_INFINITE_RECURSION = YES;
				CLANG_WARN_INT_CONVERSION = YES;
				CLANG_WARN_NON_LITERAL_NULL_CONVERSION = YES;
				CLANG_WARN_OBJC_IMPLICIT_RETAIN_SELF = YES;
				CLANG_WARN_OBJC_LITERAL_CONVERSION = YES;
				CLANG_WARN_OBJC_ROOT_CLASS = YES_ERROR;
				CLANG_WARN_QUOTED_INCLUDE_IN_FRAMEWORK_HEADER = YES;
				CLANG_WARN_RANGE_LOOP_ANALYSIS = YES;
				CLANG_WARN_STRICT_PROTOTYPES = YES;
				CLANG_WARN_SUSPICIOUS_MOVE = YES;
				CLANG_WARN_UNGUARDED_AVAILABILITY = YES_AGGRESSIVE;
				CLANG_WARN_UNREACHABLE_CODE = YES;
				CLANG_WARN__DUPLICATE_METHOD_MATCH = YES;
				COPY_PHASE_STRIP = NO;
				DEBUG_INFORMATION_FORMAT = "dwarf-with-dsym";
				ENABLE_NS_ASSERTIONS = NO;
				ENABLE_STRICT_OBJC_MSGSEND = YES;
				GCC_C_LANGUAGE_STANDARD = gnu11;
				GCC_NO_COMMON_BLOCKS = YES;
				GCC_WARN_64_TO_32_BIT_CONVERSION = YES;
				GCC_WARN_ABOUT_RETURN_TYPE = YES_ERROR;
				GCC_WARN_UNDECLARED_SELECTOR = YES;
				GCC_WARN_UNINITIALIZED_AUTOS = YES_AGGRESSIVE;
				GCC_WARN_UNUSED_FUNCTION = YES;
				GCC_WARN_UNUSED_VARIABLE = YES;
				IPHONEOS_DEPLOYMENT_TARGET = 15.2;
				MTL_ENABLE_DEBUG_INFO = NO;
				MTL_FAST_MATH = YES;
				SDKROOT = iphoneos;
				SWIFT_COMPILATION_MODE = wholemodule;
				SWIFT_OPTIMIZATION_LEVEL = "-O";
				VALIDATE_PRODUCT = YES;
			};
			name = Release;
		};
		45F69E3527E1DAB10030A53C /* Debug */ = {
			isa = XCBuildConfiguration;
			buildSettings = {
				ASSETCATALOG_COMPILER_APPICON_NAME = AppIcon;
				ASSETCATALOG_COMPILER_GLOBAL_ACCENT_COLOR_NAME = AccentColor;
				CODE_SIGN_STYLE = Automatic;
				CURRENT_PROJECT_VERSION = 1;
				DEVELOPMENT_TEAM = HM4WJFCVK8;
				GENERATE_INFOPLIST_FILE = YES;
				INFOPLIST_FILE = GithubSearchMVC/Info.plist;
				INFOPLIST_KEY_CFBundleDisplayName = MVC;
				INFOPLIST_KEY_UIApplicationSupportsIndirectInputEvents = YES;
				INFOPLIST_KEY_UILaunchStoryboardName = LaunchScreen;
				INFOPLIST_KEY_UIMainStoryboardFile = Main;
				INFOPLIST_KEY_UISupportedInterfaceOrientations_iPad = "UIInterfaceOrientationPortrait UIInterfaceOrientationPortraitUpsideDown UIInterfaceOrientationLandscapeLeft UIInterfaceOrientationLandscapeRight";
				INFOPLIST_KEY_UISupportedInterfaceOrientations_iPhone = "UIInterfaceOrientationPortrait UIInterfaceOrientationLandscapeLeft UIInterfaceOrientationLandscapeRight";
				LD_RUNPATH_SEARCH_PATHS = (
					"$(inherited)",
					"@executable_path/Frameworks",
				);
				MARKETING_VERSION = 1.0;
				PRODUCT_BUNDLE_IDENTIFIER = hanchi.GithubSearchMVC;
				PRODUCT_NAME = "$(TARGET_NAME)";
				SWIFT_EMIT_LOC_STRINGS = YES;
				SWIFT_VERSION = 5.0;
				TARGETED_DEVICE_FAMILY = "1,2";
			};
			name = Debug;
		};
		45F69E3627E1DAB10030A53C /* Release */ = {
			isa = XCBuildConfiguration;
			buildSettings = {
				ASSETCATALOG_COMPILER_APPICON_NAME = AppIcon;
				ASSETCATALOG_COMPILER_GLOBAL_ACCENT_COLOR_NAME = AccentColor;
				CODE_SIGN_STYLE = Automatic;
				CURRENT_PROJECT_VERSION = 1;
				DEVELOPMENT_TEAM = HM4WJFCVK8;
				GENERATE_INFOPLIST_FILE = YES;
				INFOPLIST_FILE = GithubSearchMVC/Info.plist;
				INFOPLIST_KEY_CFBundleDisplayName = MVC;
				INFOPLIST_KEY_UIApplicationSupportsIndirectInputEvents = YES;
				INFOPLIST_KEY_UILaunchStoryboardName = LaunchScreen;
				INFOPLIST_KEY_UIMainStoryboardFile = Main;
				INFOPLIST_KEY_UISupportedInterfaceOrientations_iPad = "UIInterfaceOrientationPortrait UIInterfaceOrientationPortraitUpsideDown UIInterfaceOrientationLandscapeLeft UIInterfaceOrientationLandscapeRight";
				INFOPLIST_KEY_UISupportedInterfaceOrientations_iPhone = "UIInterfaceOrientationPortrait UIInterfaceOrientationLandscapeLeft UIInterfaceOrientationLandscapeRight";
				LD_RUNPATH_SEARCH_PATHS = (
					"$(inherited)",
					"@executable_path/Frameworks",
				);
				MARKETING_VERSION = 1.0;
				PRODUCT_BUNDLE_IDENTIFIER = hanchi.GithubSearchMVC;
				PRODUCT_NAME = "$(TARGET_NAME)";
				SWIFT_EMIT_LOC_STRINGS = YES;
				SWIFT_VERSION = 5.0;
				TARGETED_DEVICE_FAMILY = "1,2";
			};
			name = Release;
		};
/* End XCBuildConfiguration section */

/* Begin XCConfigurationList section */
		45F69E1B27E1DAB10030A53C /* Build configuration list for PBXProject "GithubSearchMVC" */ = {
			isa = XCConfigurationList;
			buildConfigurations = (
				45F69E3227E1DAB10030A53C /* Debug */,
				45F69E3327E1DAB10030A53C /* Release */,
			);
			defaultConfigurationIsVisible = 0;
			defaultConfigurationName = Release;
		};
		45F69E3427E1DAB10030A53C /* Build configuration list for PBXNativeTarget "GithubSearchMVC" */ = {
			isa = XCConfigurationList;
			buildConfigurations = (
				45F69E3527E1DAB10030A53C /* Debug */,
				45F69E3627E1DAB10030A53C /* Release */,
			);
			defaultConfigurationIsVisible = 0;
			defaultConfigurationName = Release;
		};
/* End XCConfigurationList section */
	};
	rootObject = 45F69E1827E1DAB10030A53C /* Project object */;
}
